
Microsoft Visual Studio Solution File, Format Version 12.00
# Visual Studio Version 16
VisualStudioVersion = 16.0.29411.108
MinimumVisualStudioVersion = 10.0.40219.1
Project("{FAE04EC0-301F-11D3-BF4B-00C04F79EFBC}") = "linquetest", "linquetest\linquetest.csproj", "{54D97D68-920D-4AEF-8BAE-F3B6B883BA82}"
EndProject
Global
	GlobalSection(SolutionConfigurationPlatforms) = preSolution
		Debug|Any CPU = Debug|Any CPU
		Release|Any CPU = Release|Any CPU
	EndGlobalSection
	GlobalSection(ProjectConfigurationPlatforms) = postSolution
		{54D97D68-920D-4AEF-8BAE-F3B6B883BA82}.Debug|Any CPU.ActiveCfg = Debug|Any CPU
		{54D97D68-920D-4AEF-8BAE-F3B6B883BA82}.Debug|Any CPU.Build.0 = Debug|Any CPU
		{54D97D68-920D-4AEF-8BAE-F3B6B883BA82}.Release|Any CPU.ActiveCfg = Release|Any CPU
		{54D97D68-920D-4AEF-8BAE-F3B6B883BA82}.Release|Any CPU.Build.0 = Release|Any CPU
	EndGlobalSection
	GlobalSection(SolutionProperties) = preSolution
		HideSolutionNode = FALSE
	EndGlobalSection
	GlobalSection(ExtensibilityGlobals) = postSolution
		SolutionGuid = {8FE4A1B9-5C7D-4141-99AD-6F5D59DA777D}
	EndGlobalSection
EndGlobal
